{
  "name": "action-debian-package",
  "requires": true,
  "lockfileVersion": 1,
  "dependencies": {
    "@actions/core": {
      "version": "1.8.1",
      "resolved": "https://registry.npmjs.org/@actions/core/-/core-1.8.1.tgz",
      "integrity": "sha512-LuFg2O/+rRrYxrdafnqH9mx6ADszKzQAhDuEhhMQIh47tsXzWkW4wXY5zvscqJ4KDywyJX0LA0pAESPLUjZXvw==",
      "requires": {
        "@actions/http-client": "^2.0.0"
      }
    },
    "@actions/exec": {
      "version": "1.0.4",
      "resolved": "https://registry.npmjs.org/@actions/exec/-/exec-1.0.4.tgz",
      "integrity": "sha512-4DPChWow9yc9W3WqEbUj8Nr86xkpyE29ZzWjXucHItclLbEW6jr80Zx4nqv18QL6KK65+cifiQZXvnqgTV6oHw==",
      "requires": {
        "@actions/io": "^1.0.1"
      }
    },
    "@actions/http-client": {
      "version": "2.0.0",
      "resolved": "https://registry.npmjs.org/@actions/http-client/-/http-client-2.0.0.tgz",
      "integrity": "sha512-fm1+OPPey5ypgStT9K8zbBhICj4J4UV/TJIHDhuWlkb8KyJaAtjcZK184dTqul0dV0nPKX97FNtDXX20BTLXSA=="
    },
    "@actions/io": {
      "version": "1.0.2",
      "resolved": "https://registry.npmjs.org/@actions/io/-/io-1.0.2.tgz",
      "integrity": "sha512-J8KuFqVPr3p6U8W93DOXlXW6zFvrQAJANdS+vw0YhusLIq+bszW8zmK2Fh1C2kDPX8FMvwIl1OUcFgvJoXLbAg=="
    },
    "atomic-sleep": {
      "version": "1.0.0",
      "resolved": "https://registry.npmjs.org/atomic-sleep/-/atomic-sleep-1.0.0.tgz",
      "integrity": "sha512-kNOjDqAh7px0XWNI+4QbzoiR/nTkHAWNud2uvnJquD1/x5a7EQZMJT0AczqK0Qn67oY/TTQ1LbUKajZpp3I9tQ=="
    },
    "axios": {
      "version": "0.21.3",
      "resolved": "https://registry.npmjs.org/axios/-/axios-0.21.3.tgz",
      "integrity": "sha512-JtoZ3Ndke/+Iwt5n+BgSli/3idTvpt5OjKyoCmz4LX5+lPiY5l7C1colYezhlxThjNa/NhngCUWZSZFypIFuaA==",
      "requires": {
        "follow-redirects": "^1.14.0"
      }
    },
    "camelcase": {
      "version": "5.3.1",
      "resolved": "https://registry.npmjs.org/camelcase/-/camelcase-5.3.1.tgz",
      "integrity": "sha512-L28STB170nwWS63UjtlEOE3dldQApaJXZkOI1uMFfzf3rRuPegHaHesyee+YxQ+W6SvRDQV6UrdOdRiR153wJg=="
    },
    "camelcase-keys": {
      "version": "6.2.2",
      "resolved": "https://registry.npmjs.org/camelcase-keys/-/camelcase-keys-6.2.2.tgz",
      "integrity": "sha512-YrwaA0vEKazPBkn0ipTiMpSajYDSe+KjQfrjhcBMxJt/znbvlHd8Pw/Vamaz5EB4Wfhs3SUR3Z9mwRu/P3s3Yg==",
      "requires": {
        "camelcase": "^5.3.1",
        "map-obj": "^4.0.0",
        "quick-lru": "^4.0.1"
      }
    },
    "docker-hub-utils": {
      "version": "1.10.43",
      "resolved": "https://registry.npmjs.org/docker-hub-utils/-/docker-hub-utils-1.10.43.tgz",
      "integrity": "sha512-cY/+KbOyZb3j4AiUUPHlGTeUi7vt/vc2MdIIX4Wl0pAI5c4m8mU6+7tzPT6K5LZ9d/59sdcX1AYET2k4F6/iTA==",
      "requires": {
        "axios": "0.21.3",
        "camelcase-keys": "6.2.2",
        "luxon": "1.28.0",
        "pino": "5.17.0",
        "ramda": "0.27.1"
      }
    },
    "fast-redact": {
      "version": "2.1.0",
      "resolved": "https://registry.npmjs.org/fast-redact/-/fast-redact-2.1.0.tgz",
      "integrity": "sha512-0LkHpTLyadJavq9sRzzyqIoMZemWli77K2/MGOkafrR64B9ItrvZ9aT+jluvNDsv0YEHjSNhlMBtbokuoqii4A=="
    },
    "fast-safe-stringify": {
      "version": "2.0.8",
      "resolved": "https://registry.npmjs.org/fast-safe-stringify/-/fast-safe-stringify-2.0.8.tgz",
      "integrity": "sha512-lXatBjf3WPjmWD6DpIZxkeSsCOwqI0maYMpgDlx8g4U2qi4lbjA9oH/HD2a87G+KfsUmo5WbJFmqBZlPxtptag=="
    },
    "firstline": {
      "version": "2.0.2",
      "resolved": "https://registry.npmjs.org/firstline/-/firstline-2.0.2.tgz",
      "integrity": "sha512-8KcmfI0jgSECnzdhucm0i7vrwef3BWwgjimW2YkRC5eSFwjb5DibVoA0YvgkYwwxuJi9c+7M7X3b3lX8o9B6wg=="
    },
    "flatstr": {
      "version": "1.0.12",
      "resolved": "https://registry.npmjs.org/flatstr/-/flatstr-1.0.12.tgz",
      "integrity": "sha512-4zPxDyhCyiN2wIAtSLI6gc82/EjqZc1onI4Mz/l0pWrAlsSfYH/2ZIcU+e3oA2wDwbzIWNKwa23F8rh6+DRWkw=="
    },
    "follow-redirects": {
      "version": "1.14.3",
      "resolved": "https://registry.npmjs.org/follow-redirects/-/follow-redirects-1.14.3.tgz",
      "integrity": "sha512-3MkHxknWMUtb23apkgz/83fDoe+y+qr0TdgacGIA7bew+QLBo3vdgEN2xEsuXNivpFy4CyDhBBZnNZOtalmenw=="
    },
    "luxon": {
      "version": "1.28.0",
      "resolved": "https://registry.npmjs.org/luxon/-/luxon-1.28.0.tgz",
      "integrity": "sha512-TfTiyvZhwBYM/7QdAVDh+7dBTBA29v4ik0Ce9zda3Mnf8on1S5KJI8P2jKFZ8+5C0jhmr0KwJEO/Wdpm0VeWJQ=="
    },
    "map-obj": {
      "version": "4.2.1",
      "resolved": "https://registry.npmjs.org/map-obj/-/map-obj-4.2.1.tgz",
      "integrity": "sha512-+WA2/1sPmDj1dlvvJmB5G6JKfY9dpn7EVBUL06+y6PoljPkh+6V1QihwxNkbcGxCRjt2b0F9K0taiCuo7MbdFQ=="
    },
    "pino": {
      "version": "5.17.0",
      "resolved": "https://registry.npmjs.org/pino/-/pino-5.17.0.tgz",
      "integrity": "sha512-LqrqmRcJz8etUjyV0ddqB6OTUutCgQULPFg2b4dtijRHUsucaAdBgSUW58vY6RFSX+NT8963F+q0tM6lNwGShA==",
      "requires": {
        "fast-redact": "^2.0.0",
        "fast-safe-stringify": "^2.0.7",
        "flatstr": "^1.0.12",
        "pino-std-serializers": "^2.4.2",
        "quick-format-unescaped": "^3.0.3",
        "sonic-boom": "^0.7.5"
      }
    },
    "pino-std-serializers": {
      "version": "2.5.0",
      "resolved": "https://registry.npmjs.org/pino-std-serializers/-/pino-std-serializers-2.5.0.tgz",
      "integrity": "sha512-wXqbqSrIhE58TdrxxlfLwU9eDhrzppQDvGhBEr1gYbzzM4KKo3Y63gSjiDXRKLVS2UOXdPNR2v+KnQgNrs+xUg=="
    },
    "quick-format-unescaped": {
      "version": "3.0.3",
      "resolved": "https://registry.npmjs.org/quick-format-unescaped/-/quick-format-unescaped-3.0.3.tgz",
      "integrity": "sha512-dy1yjycmn9blucmJLXOfZDx1ikZJUi6E8bBZLnhPG5gBrVhHXx2xVyqqgKBubVNEXmx51dBACMHpoMQK/N/AXQ=="
    },
    "quick-lru": {
      "version": "4.0.1",
      "resolved": "https://registry.npmjs.org/quick-lru/-/quick-lru-4.0.1.tgz",
      "integrity": "sha512-ARhCpm70fzdcvNQfPoy49IaanKkTlRWF2JMzqhcJbhSFRZv7nPTvZJdcY7301IPmvW+/p0RgIWnQDLJxifsQ7g=="
    },
    "ramda": {
      "version": "0.27.1",
      "resolved": "https://registry.npmjs.org/ramda/-/ramda-0.27.1.tgz",
      "integrity": "sha512-PgIdVpn5y5Yns8vqb8FzBUEYn98V3xcPgawAkkgj0YJ0qDsnHCiNmZYfOGMgOvoB0eWFLpYbhxUR3mxfDIMvpw=="
    },
    "sonic-boom": {
      "version": "0.7.7",
      "resolved": "https://registry.npmjs.org/sonic-boom/-/sonic-boom-0.7.7.tgz",
      "integrity": "sha512-Ei5YOo5J64GKClHIL/5evJPgASXFVpfVYbJV9PILZQytTK6/LCwHvsZJW2Ig4p9FMC2OrBrMnXKgRN/OEoAWfg==",
      "requires": {
        "atomic-sleep": "^1.0.0",
        "flatstr": "^1.0.12"
      }
    }
  }
}
